
Microsoft Visual Studio Solution File, Format Version 10.00
# Visual Studio 2008
Project("{8BC9CEB8-8B4A-11D0-8D11-00A0C91BC942}") = "AppData", "AppData\AppData.vcproj", "{E1A4B15C-35F3-4C30-8815-7F778192ABB4}"
EndProject
Project("{8BC9CEB8-8B4A-11D0-8D11-00A0C91BC942}") = "AsynFileIO", "AsynFileIO\AsynFileIO.vcproj", "{36D5C252-F64B-4947-B69F-6154D19B7DE5}"
EndProject
Project("{8BC9CEB8-8B4A-11D0-8D11-00A0C91BC942}") = "ATLRegExpr", "ATLRegExpr\ATLRegExpr.vcproj", "{E91E8AE1-57CF-425F-A4E7-AF4C2EA2364B}"
EndProject
Project("{8BC9CEB8-8B4A-11D0-8D11-00A0C91BC942}") = "ATLString", "ATLString\ATLString.vcproj", "{B9B2E0F3-5238-445E-A314-43042FF6BC0E}"
EndProject
Project("{8BC9CEB8-8B4A-11D0-8D11-00A0C91BC942}") = "Crash", "Crash\Crash.vcproj", "{11F3C6C7-759C-4A27-A6AF-D3B373D29653}"
EndProject
Project("{8BC9CEB8-8B4A-11D0-8D11-00A0C91BC942}") = "CWnd", "CWnd\CWnd.vcproj", "{08129967-1DAF-40DB-A319-1BA3377391CC}"
EndProject
Project("{8BC9CEB8-8B4A-11D0-8D11-00A0C91BC942}") = "DesktopIconPosition", "DesktopIconPosition\DesktopIconPosition.vcproj", "{5820F0BA-A0C5-4061-BDF5-22AA071E83DF}"
EndProject
Project("{8BC9CEB8-8B4A-11D0-8D11-00A0C91BC942}") = "DiskInfo", "DiskInfo\DiskInfo.vcproj", "{2D5428AF-7F11-4438-8BCD-A672977EDBFF}"
EndProject
Project("{8BC9CEB8-8B4A-11D0-8D11-00A0C91BC942}") = "EditCtrl", "EditCtrl\EditCtrl.vcproj", "{EC3B43D2-50A5-4CC9-B8FC-7897B3DC5B7C}"
EndProject
Project("{8BC9CEB8-8B4A-11D0-8D11-00A0C91BC942}") = "ExceptionHandlerOverload", "ExceptionHandlerOverload\ExceptionHandlerOverload.vcproj", "{A3E9F4DD-F0C7-48F5-9D3A-E9963BD38C3F}"
EndProject
Project("{8BC9CEB8-8B4A-11D0-8D11-00A0C91BC942}") = "FILE", "FILE\FILE.vcproj", "{D1F40A92-14E3-4C88-80CC-7DDEA0900E33}"
EndProject
Project("{8BC9CEB8-8B4A-11D0-8D11-00A0C91BC942}") = "FileIOTest", "FileIOTest\FileIOTest.vcproj", "{0CCF9586-F877-49DB-AC26-D237A8BD1D18}"
EndProject
Project("{8BC9CEB8-8B4A-11D0-8D11-00A0C91BC942}") = "FileVersion", "FileVersion\FileVersion.vcproj", "{D2A32551-86E5-49A9-AE2C-36ADE66831E1}"
EndProject
Project("{8BC9CEB8-8B4A-11D0-8D11-00A0C91BC942}") = "GetCookie", "GetCookie\GetCookie.vcproj", "{BF2BE539-4985-4814-93BB-44F9CAFF489D}"
EndProject
Project("{8BC9CEB8-8B4A-11D0-8D11-00A0C91BC942}") = "GetMAC", "GetMAC\GetMAC.vcproj", "{3AD9FBEC-1A1A-443A-92CD-B8439C906CCB}"
EndProject
Project("{8BC9CEB8-8B4A-11D0-8D11-00A0C91BC942}") = "GlobalVaribaleAccess", "GlobalVaribaleAccess\GlobalVaribaleAccess.vcproj", "{82250312-3C53-4F30-8CD7-1B073A918532}"
EndProject
Project("{8BC9CEB8-8B4A-11D0-8D11-00A0C91BC942}") = "Ini", "Ini\Ini.vcproj", "{11702753-F892-4F31-9970-D8795A6D9B03}"
EndProject
Project("{8BC9CEB8-8B4A-11D0-8D11-00A0C91BC942}") = "Manifest", "Manifest\Manifest.vcproj", "{7A66D33A-344E-4145-AA78-B6C2C58D36F9}"
EndProject
Project("{8BC9CEB8-8B4A-11D0-8D11-00A0C91BC942}") = "MFCWnd", "MFCWnd\MFCWnd.vcproj", "{5DA977D7-98E9-4840-AD13-6907549048BD}"
EndProject
Project("{8BC9CEB8-8B4A-11D0-8D11-00A0C91BC942}") = "QueueUserWorkItem", "QueueUserWorkItem\QueueUserWorkItem.vcproj", "{E847B3C1-4441-4229-8484-EAA97DA4A1A9}"
EndProject
Project("{8BC9CEB8-8B4A-11D0-8D11-00A0C91BC942}") = "SendMessageCrossProcess", "SendMessageCrossProcess\SendMessageCrossProcess.vcproj", "{52B590BC-6D33-42D5-BDD4-2056C91787EF}"
EndProject
Project("{8BC9CEB8-8B4A-11D0-8D11-00A0C91BC942}") = "SimpleDLL", "SimpleDLL\SimpleDLL.vcproj", "{7D9B8857-AB36-4527-A670-74ADDEE9A53B}"
EndProject
Project("{8BC9CEB8-8B4A-11D0-8D11-00A0C91BC942}") = "std_string_vs_CString", "std_string_vs_CString\std_string_vs_CString.vcproj", "{733699C0-7146-4712-8F7F-72961AD0FBDB}"
EndProject
Project("{8BC9CEB8-8B4A-11D0-8D11-00A0C91BC942}") = "ThreadSendMessage", "ThreadSendMessage\ThreadSendMessage.vcproj", "{1E9A42A2-B0F6-4C17-835D-1A0082E72CCE}"
EndProject
Project("{8BC9CEB8-8B4A-11D0-8D11-00A0C91BC942}") = "WaitableTimer", "WaitableTimer\WaitableTimer.vcproj", "{C80FBA31-48AA-439F-A1F6-EEBE3C4FEEC4}"
EndProject
Project("{8BC9CEB8-8B4A-11D0-8D11-00A0C91BC942}") = "Wow6432Node", "Wow6432Node\Wow6432Node.vcproj", "{210DD151-83AF-4E9A-BE13-D8B5E9F4085B}"
EndProject
Global
	GlobalSection(SolutionConfigurationPlatforms) = preSolution
		Debug|Win32 = Debug|Win32
		Release|Win32 = Release|Win32
	EndGlobalSection
	GlobalSection(ProjectConfigurationPlatforms) = postSolution
		{E1A4B15C-35F3-4C30-8815-7F778192ABB4}.Debug|Win32.ActiveCfg = Debug|Win32
		{E1A4B15C-35F3-4C30-8815-7F778192ABB4}.Debug|Win32.Build.0 = Debug|Win32
		{E1A4B15C-35F3-4C30-8815-7F778192ABB4}.Release|Win32.ActiveCfg = Release|Win32
		{E1A4B15C-35F3-4C30-8815-7F778192ABB4}.Release|Win32.Build.0 = Release|Win32
		{36D5C252-F64B-4947-B69F-6154D19B7DE5}.Debug|Win32.ActiveCfg = Debug|Win32
		{36D5C252-F64B-4947-B69F-6154D19B7DE5}.Debug|Win32.Build.0 = Debug|Win32
		{36D5C252-F64B-4947-B69F-6154D19B7DE5}.Release|Win32.ActiveCfg = Release|Win32
		{36D5C252-F64B-4947-B69F-6154D19B7DE5}.Release|Win32.Build.0 = Release|Win32
		{E91E8AE1-57CF-425F-A4E7-AF4C2EA2364B}.Debug|Win32.ActiveCfg = Debug|Win32
		{E91E8AE1-57CF-425F-A4E7-AF4C2EA2364B}.Debug|Win32.Build.0 = Debug|Win32
		{E91E8AE1-57CF-425F-A4E7-AF4C2EA2364B}.Release|Win32.ActiveCfg = Release|Win32
		{E91E8AE1-57CF-425F-A4E7-AF4C2EA2364B}.Release|Win32.Build.0 = Release|Win32
		{B9B2E0F3-5238-445E-A314-43042FF6BC0E}.Debug|Win32.ActiveCfg = Debug|Win32
		{B9B2E0F3-5238-445E-A314-43042FF6BC0E}.Debug|Win32.Build.0 = Debug|Win32
		{B9B2E0F3-5238-445E-A314-43042FF6BC0E}.Release|Win32.ActiveCfg = Release|Win32
		{B9B2E0F3-5238-445E-A314-43042FF6BC0E}.Release|Win32.Build.0 = Release|Win32
		{11F3C6C7-759C-4A27-A6AF-D3B373D29653}.Debug|Win32.ActiveCfg = Debug|Win32
		{11F3C6C7-759C-4A27-A6AF-D3B373D29653}.Debug|Win32.Build.0 = Debug|Win32
		{11F3C6C7-759C-4A27-A6AF-D3B373D29653}.Release|Win32.ActiveCfg = Release|Win32
		{11F3C6C7-759C-4A27-A6AF-D3B373D29653}.Release|Win32.Build.0 = Release|Win32
		{08129967-1DAF-40DB-A319-1BA3377391CC}.Debug|Win32.ActiveCfg = Debug|Win32
		{08129967-1DAF-40DB-A319-1BA3377391CC}.Debug|Win32.Build.0 = Debug|Win32
		{08129967-1DAF-40DB-A319-1BA3377391CC}.Release|Win32.ActiveCfg = Release|Win32
		{08129967-1DAF-40DB-A319-1BA3377391CC}.Release|Win32.Build.0 = Release|Win32
		{5820F0BA-A0C5-4061-BDF5-22AA071E83DF}.Debug|Win32.ActiveCfg = Debug|Win32
		{5820F0BA-A0C5-4061-BDF5-22AA071E83DF}.Debug|Win32.Build.0 = Debug|Win32
		{5820F0BA-A0C5-4061-BDF5-22AA071E83DF}.Release|Win32.ActiveCfg = Release|Win32
		{5820F0BA-A0C5-4061-BDF5-22AA071E83DF}.Release|Win32.Build.0 = Release|Win32
		{2D5428AF-7F11-4438-8BCD-A672977EDBFF}.Debug|Win32.ActiveCfg = Debug|Win32
		{2D5428AF-7F11-4438-8BCD-A672977EDBFF}.Debug|Win32.Build.0 = Debug|Win32
		{2D5428AF-7F11-4438-8BCD-A672977EDBFF}.Release|Win32.ActiveCfg = Release|Win32
		{2D5428AF-7F11-4438-8BCD-A672977EDBFF}.Release|Win32.Build.0 = Release|Win32
		{EC3B43D2-50A5-4CC9-B8FC-7897B3DC5B7C}.Debug|Win32.ActiveCfg = Debug|Win32
		{EC3B43D2-50A5-4CC9-B8FC-7897B3DC5B7C}.Debug|Win32.Build.0 = Debug|Win32
		{EC3B43D2-50A5-4CC9-B8FC-7897B3DC5B7C}.Release|Win32.ActiveCfg = Release|Win32
		{EC3B43D2-50A5-4CC9-B8FC-7897B3DC5B7C}.Release|Win32.Build.0 = Release|Win32
		{A3E9F4DD-F0C7-48F5-9D3A-E9963BD38C3F}.Debug|Win32.ActiveCfg = Debug|Win32
		{A3E9F4DD-F0C7-48F5-9D3A-E9963BD38C3F}.Debug|Win32.Build.0 = Debug|Win32
		{A3E9F4DD-F0C7-48F5-9D3A-E9963BD38C3F}.Release|Win32.ActiveCfg = Release|Win32
		{A3E9F4DD-F0C7-48F5-9D3A-E9963BD38C3F}.Release|Win32.Build.0 = Release|Win32
		{D1F40A92-14E3-4C88-80CC-7DDEA0900E33}.Debug|Win32.ActiveCfg = Debug|Win32
		{D1F40A92-14E3-4C88-80CC-7DDEA0900E33}.Debug|Win32.Build.0 = Debug|Win32
		{D1F40A92-14E3-4C88-80CC-7DDEA0900E33}.Release|Win32.ActiveCfg = Release|Win32
		{D1F40A92-14E3-4C88-80CC-7DDEA0900E33}.Release|Win32.Build.0 = Release|Win32
		{0CCF9586-F877-49DB-AC26-D237A8BD1D18}.Debug|Win32.ActiveCfg = Debug|Win32
		{0CCF9586-F877-49DB-AC26-D237A8BD1D18}.Debug|Win32.Build.0 = Debug|Win32
		{0CCF9586-F877-49DB-AC26-D237A8BD1D18}.Release|Win32.ActiveCfg = Release|Win32
		{0CCF9586-F877-49DB-AC26-D237A8BD1D18}.Release|Win32.Build.0 = Release|Win32
		{D2A32551-86E5-49A9-AE2C-36ADE66831E1}.Debug|Win32.ActiveCfg = Debug|Win32
		{D2A32551-86E5-49A9-AE2C-36ADE66831E1}.Debug|Win32.Build.0 = Debug|Win32
		{D2A32551-86E5-49A9-AE2C-36ADE66831E1}.Release|Win32.ActiveCfg = Release|Win32
		{D2A32551-86E5-49A9-AE2C-36ADE66831E1}.Release|Win32.Build.0 = Release|Win32
		{BF2BE539-4985-4814-93BB-44F9CAFF489D}.Debug|Win32.ActiveCfg = Debug|Win32
		{BF2BE539-4985-4814-93BB-44F9CAFF489D}.Debug|Win32.Build.0 = Debug|Win32
		{BF2BE539-4985-4814-93BB-44F9CAFF489D}.Release|Win32.ActiveCfg = Release|Win32
		{BF2BE539-4985-4814-93BB-44F9CAFF489D}.Release|Win32.Build.0 = Release|Win32
		{3AD9FBEC-1A1A-443A-92CD-B8439C906CCB}.Debug|Win32.ActiveCfg = Debug|Win32
		{3AD9FBEC-1A1A-443A-92CD-B8439C906CCB}.Debug|Win32.Build.0 = Debug|Win32
		{3AD9FBEC-1A1A-443A-92CD-B8439C906CCB}.Release|Win32.ActiveCfg = Release|Win32
		{3AD9FBEC-1A1A-443A-92CD-B8439C906CCB}.Release|Win32.Build.0 = Release|Win32
		{82250312-3C53-4F30-8CD7-1B073A918532}.Debug|Win32.ActiveCfg = Debug|Win32
		{82250312-3C53-4F30-8CD7-1B073A918532}.Debug|Win32.Build.0 = Debug|Win32
		{82250312-3C53-4F30-8CD7-1B073A918532}.Release|Win32.ActiveCfg = Release|Win32
		{82250312-3C53-4F30-8CD7-1B073A918532}.Release|Win32.Build.0 = Release|Win32
		{11702753-F892-4F31-9970-D8795A6D9B03}.Debug|Win32.ActiveCfg = Debug|Win32
		{11702753-F892-4F31-9970-D8795A6D9B03}.Debug|Win32.Build.0 = Debug|Win32
		{11702753-F892-4F31-9970-D8795A6D9B03}.Release|Win32.ActiveCfg = Release|Win32
		{11702753-F892-4F31-9970-D8795A6D9B03}.Release|Win32.Build.0 = Release|Win32
		{7A66D33A-344E-4145-AA78-B6C2C58D36F9}.Debug|Win32.ActiveCfg = Debug|Win32
		{7A66D33A-344E-4145-AA78-B6C2C58D36F9}.Debug|Win32.Build.0 = Debug|Win32
		{7A66D33A-344E-4145-AA78-B6C2C58D36F9}.Release|Win32.ActiveCfg = Release|Win32
		{7A66D33A-344E-4145-AA78-B6C2C58D36F9}.Release|Win32.Build.0 = Release|Win32
		{5DA977D7-98E9-4840-AD13-6907549048BD}.Debug|Win32.ActiveCfg = Debug|Win32
		{5DA977D7-98E9-4840-AD13-6907549048BD}.Debug|Win32.Build.0 = Debug|Win32
		{5DA977D7-98E9-4840-AD13-6907549048BD}.Release|Win32.ActiveCfg = Release|Win32
		{5DA977D7-98E9-4840-AD13-6907549048BD}.Release|Win32.Build.0 = Release|Win32
		{E847B3C1-4441-4229-8484-EAA97DA4A1A9}.Debug|Win32.ActiveCfg = Debug|Win32
		{E847B3C1-4441-4229-8484-EAA97DA4A1A9}.Debug|Win32.Build.0 = Debug|Win32
		{E847B3C1-4441-4229-8484-EAA97DA4A1A9}.Release|Win32.ActiveCfg = Release|Win32
		{E847B3C1-4441-4229-8484-EAA97DA4A1A9}.Release|Win32.Build.0 = Release|Win32
		{52B590BC-6D33-42D5-BDD4-2056C91787EF}.Debug|Win32.ActiveCfg = Debug|Win32
		{52B590BC-6D33-42D5-BDD4-2056C91787EF}.Debug|Win32.Build.0 = Debug|Win32
		{52B590BC-6D33-42D5-BDD4-2056C91787EF}.Release|Win32.ActiveCfg = Release|Win32
		{52B590BC-6D33-42D5-BDD4-2056C91787EF}.Release|Win32.Build.0 = Release|Win32
		{7D9B8857-AB36-4527-A670-74ADDEE9A53B}.Debug|Win32.ActiveCfg = Debug|Win32
		{7D9B8857-AB36-4527-A670-74ADDEE9A53B}.Debug|Win32.Build.0 = Debug|Win32
		{7D9B8857-AB36-4527-A670-74ADDEE9A53B}.Release|Win32.ActiveCfg = Release|Win32
		{7D9B8857-AB36-4527-A670-74ADDEE9A53B}.Release|Win32.Build.0 = Release|Win32
		{733699C0-7146-4712-8F7F-72961AD0FBDB}.Debug|Win32.ActiveCfg = Debug|Win32
		{733699C0-7146-4712-8F7F-72961AD0FBDB}.Debug|Win32.Build.0 = Debug|Win32
		{733699C0-7146-4712-8F7F-72961AD0FBDB}.Release|Win32.ActiveCfg = Release|Win32
		{733699C0-7146-4712-8F7F-72961AD0FBDB}.Release|Win32.Build.0 = Release|Win32
		{1E9A42A2-B0F6-4C17-835D-1A0082E72CCE}.Debug|Win32.ActiveCfg = Debug|Win32
		{1E9A42A2-B0F6-4C17-835D-1A0082E72CCE}.Debug|Win32.Build.0 = Debug|Win32
		{1E9A42A2-B0F6-4C17-835D-1A0082E72CCE}.Release|Win32.ActiveCfg = Release|Win32
		{1E9A42A2-B0F6-4C17-835D-1A0082E72CCE}.Release|Win32.Build.0 = Release|Win32
		{C80FBA31-48AA-439F-A1F6-EEBE3C4FEEC4}.Debug|Win32.ActiveCfg = Debug|Win32
		{C80FBA31-48AA-439F-A1F6-EEBE3C4FEEC4}.Debug|Win32.Build.0 = Debug|Win32
		{C80FBA31-48AA-439F-A1F6-EEBE3C4FEEC4}.Release|Win32.ActiveCfg = Release|Win32
		{C80FBA31-48AA-439F-A1F6-EEBE3C4FEEC4}.Release|Win32.Build.0 = Release|Win32
		{210DD151-83AF-4E9A-BE13-D8B5E9F4085B}.Debug|Win32.ActiveCfg = Debug|Win32
		{210DD151-83AF-4E9A-BE13-D8B5E9F4085B}.Debug|Win32.Build.0 = Debug|Win32
		{210DD151-83AF-4E9A-BE13-D8B5E9F4085B}.Release|Win32.ActiveCfg = Release|Win32
		{210DD151-83AF-4E9A-BE13-D8B5E9F4085B}.Release|Win32.Build.0 = Release|Win32
	EndGlobalSection
	GlobalSection(SolutionProperties) = preSolution
		HideSolutionNode = FALSE
	EndGlobalSection
EndGlobal
